
Microsoft Visual Studio Solution File, Format Version 12.00
# Visual Studio Version 17
VisualStudioVersion = 17.1.32228.430
MinimumVisualStudioVersion = 10.0.40219.1
Project("{FAE04EC0-301F-11D3-BF4B-00C04F79EFBC}") = "Hom00", "Hom00\Hom00.csproj", "{E03A3461-9828-4CFE-9C14-D90DD9FA1731}"
EndProject
Global
	GlobalSection(SolutionConfigurationPlatforms) = preSolution
		Debug|Any CPU = Debug|Any CPU
		Release|Any CPU = Release|Any CPU
	EndGlobalSection
	GlobalSection(ProjectConfigurationPlatforms) = postSolution
		{E03A3461-9828-4CFE-9C14-D90DD9FA1731}.Debug|Any CPU.ActiveCfg = Debug|Any CPU
		{E03A3461-9828-4CFE-9C14-D90DD9FA1731}.Debug|Any CPU.Build.0 = Debug|Any CPU
		{E03A3461-9828-4CFE-9C14-D90DD9FA1731}.Release|Any CPU.ActiveCfg = Release|Any CPU
		{E03A3461-9828-4CFE-9C14-D90DD9FA1731}.Release|Any CPU.Build.0 = Release|Any CPU
	EndGlobalSection
	GlobalSection(SolutionProperties) = preSolution
		HideSolutionNode = FALSE
	EndGlobalSection
	GlobalSection(ExtensibilityGlobals) = postSolution
		SolutionGuid = {7B4556C2-7DE5-4B0E-9413-058BA07D7677}
	EndGlobalSection
EndGlobal
